
Microsoft Visual Studio Solution File, Format Version 12.00
Project("{FAE04EC0-301F-11D3-BF4B-00C04F79EFBC}") = "Example_RestApi_Services", "Example_RestApi_Services\Example_RestApi_Services.csproj", "{6735AE0D-7924-4E26-9B90-60217AF47803}"
EndProject
Global
	GlobalSection(SolutionConfigurationPlatforms) = preSolution
		Debug|Any CPU = Debug|Any CPU
		Release|Any CPU = Release|Any CPU
	EndGlobalSection
	GlobalSection(ProjectConfigurationPlatforms) = postSolution
		{6735AE0D-7924-4E26-9B90-60217AF47803}.Debug|Any CPU.ActiveCfg = Debug|Any CPU
		{6735AE0D-7924-4E26-9B90-60217AF47803}.Debug|Any CPU.Build.0 = Debug|Any CPU
		{6735AE0D-7924-4E26-9B90-60217AF47803}.Release|Any CPU.ActiveCfg = Release|Any CPU
		{6735AE0D-7924-4E26-9B90-60217AF47803}.Release|Any CPU.Build.0 = Release|Any CPU
	EndGlobalSection
EndGlobal
